
Microsoft Visual Studio Solution File, Format Version 11.00
# Visual Studio 2010
Project("{2150E333-8FDC-42A3-9474-1A3956D46DE8}") = "Solution Items", "Solution Items", "{2A73BF40-8C1A-4FC5-B2A5-D3BB983C0F68}"
EndProject
Project("{FAE04EC0-301F-11D3-BF4B-00C04F79EFBC}") = "TranslationReminderSrc", "TranslationReminderSrc\TranslationReminderSrc.csproj", "{8A315A0F-4ACC-494C-BD81-4394878470C6}"
EndProject
Project("{FAE04EC0-301F-11D3-BF4B-00C04F79EFBC}") = "Chrome", "Chrome\Chrome.csproj", "{08A906E7-C60D-48DC-BADA-A7D6727FA83A}"
EndProject
Global
	GlobalSection(SolutionConfigurationPlatforms) = preSolution
		Debug|Any CPU = Debug|Any CPU
		Debug|Mixed Platforms = Debug|Mixed Platforms
		Debug|x86 = Debug|x86
		Release|Any CPU = Release|Any CPU
		Release|Mixed Platforms = Release|Mixed Platforms
		Release|x86 = Release|x86
	EndGlobalSection
	GlobalSection(ProjectConfigurationPlatforms) = postSolution
		{8A315A0F-4ACC-494C-BD81-4394878470C6}.Debug|Any CPU.ActiveCfg = Debug|x86
		{8A315A0F-4ACC-494C-BD81-4394878470C6}.Debug|Mixed Platforms.ActiveCfg = Debug|x86
		{8A315A0F-4ACC-494C-BD81-4394878470C6}.Debug|Mixed Platforms.Build.0 = Debug|x86
		{8A315A0F-4ACC-494C-BD81-4394878470C6}.Debug|x86.ActiveCfg = Debug|x86
		{8A315A0F-4ACC-494C-BD81-4394878470C6}.Debug|x86.Build.0 = Debug|x86
		{8A315A0F-4ACC-494C-BD81-4394878470C6}.Release|Any CPU.ActiveCfg = Release|x86
		{8A315A0F-4ACC-494C-BD81-4394878470C6}.Release|Mixed Platforms.ActiveCfg = Release|x86
		{8A315A0F-4ACC-494C-BD81-4394878470C6}.Release|Mixed Platforms.Build.0 = Release|x86
		{8A315A0F-4ACC-494C-BD81-4394878470C6}.Release|x86.ActiveCfg = Release|x86
		{8A315A0F-4ACC-494C-BD81-4394878470C6}.Release|x86.Build.0 = Release|x86
		{08A906E7-C60D-48DC-BADA-A7D6727FA83A}.Debug|Any CPU.ActiveCfg = Debug|x86
		{08A906E7-C60D-48DC-BADA-A7D6727FA83A}.Debug|Mixed Platforms.ActiveCfg = Debug|x86
		{08A906E7-C60D-48DC-BADA-A7D6727FA83A}.Debug|Mixed Platforms.Build.0 = Debug|x86
		{08A906E7-C60D-48DC-BADA-A7D6727FA83A}.Debug|x86.ActiveCfg = Debug|x86
		{08A906E7-C60D-48DC-BADA-A7D6727FA83A}.Debug|x86.Build.0 = Debug|x86
		{08A906E7-C60D-48DC-BADA-A7D6727FA83A}.Release|Any CPU.ActiveCfg = Release|x86
		{08A906E7-C60D-48DC-BADA-A7D6727FA83A}.Release|Mixed Platforms.ActiveCfg = Release|x86
		{08A906E7-C60D-48DC-BADA-A7D6727FA83A}.Release|Mixed Platforms.Build.0 = Release|x86
		{08A906E7-C60D-48DC-BADA-A7D6727FA83A}.Release|x86.ActiveCfg = Release|x86
		{08A906E7-C60D-48DC-BADA-A7D6727FA83A}.Release|x86.Build.0 = Release|x86
	EndGlobalSection
	GlobalSection(SolutionProperties) = preSolution
		HideSolutionNode = FALSE
	EndGlobalSection
	GlobalSection(NestedProjects) = preSolution
		{8A315A0F-4ACC-494C-BD81-4394878470C6} = {2A73BF40-8C1A-4FC5-B2A5-D3BB983C0F68}
		{08A906E7-C60D-48DC-BADA-A7D6727FA83A} = {2A73BF40-8C1A-4FC5-B2A5-D3BB983C0F68}
	EndGlobalSection
EndGlobal
